
Microsoft Visual Studio Solution File, Format Version 12.00
# Visual Studio Version 16
VisualStudioVersion = 16.0.28803.352
MinimumVisualStudioVersion = 10.0.40219.1
Project("{FAE04EC0-301F-11D3-BF4B-00C04F79EFBC}") = "UsingSSL", "UsingSSL\UsingSSL.csproj", "{ABC1A898-6A53-433F-B7B8-61E775E960EF}"
EndProject
Global
	GlobalSection(SolutionConfigurationPlatforms) = preSolution
		Debug|Any CPU = Debug|Any CPU
		Release|Any CPU = Release|Any CPU
	EndGlobalSection
	GlobalSection(ProjectConfigurationPlatforms) = postSolution
		{ABC1A898-6A53-433F-B7B8-61E775E960EF}.Debug|Any CPU.ActiveCfg = Debug|Any CPU
		{ABC1A898-6A53-433F-B7B8-61E775E960EF}.Debug|Any CPU.Build.0 = Debug|Any CPU
		{ABC1A898-6A53-433F-B7B8-61E775E960EF}.Release|Any CPU.ActiveCfg = Release|Any CPU
		{ABC1A898-6A53-433F-B7B8-61E775E960EF}.Release|Any CPU.Build.0 = Release|Any CPU
	EndGlobalSection
	GlobalSection(SolutionProperties) = preSolution
		HideSolutionNode = FALSE
	EndGlobalSection
	GlobalSection(ExtensibilityGlobals) = postSolution
		SolutionGuid = {A4A5DFD9-0095-4171-BB5C-501574E999B5}
	EndGlobalSection
EndGlobal
